// !$*UTF8*$!
{
	archiveVersion = 1;
	classes = {
	};
	objectVersion = 56;
	objects = {

/* Begin PBXBuildFile section */
		350BA4412A528A380071FF23 /* CustomTaskPickerView.swift in Sources */ = {isa = PBXBuildFile; fileRef = 350BA4402A528A380071FF23 /* CustomTaskPickerView.swift */; };
		3516BCAF2A59B5EF001E6472 /* Tasks.swift in Sources */ = {isa = PBXBuildFile; fileRef = 355B977B2A2DA46E00BD0772 /* Tasks.swift */; };
		353AD8042A5BAE12007CCEFA /* SortKey.swift in Sources */ = {isa = PBXBuildFile; fileRef = 353AD8032A5BAE12007CCEFA /* SortKey.swift */; };
		353AD8062A5BAE27007CCEFA /* TaskCellStyle.swift in Sources */ = {isa = PBXBuildFile; fileRef = 353AD8052A5BAE27007CCEFA /* TaskCellStyle.swift */; };
		353C5EED2A3E025400FDFFE5 /* Localizable.strings in Resources */ = {isa = PBXBuildFile; fileRef = 353C5EEF2A3E025400FDFFE5 /* Localizable.strings */; };
		353C5EF22A3EF41200FDFFE5 /* AllTaskListView.swift in Sources */ = {isa = PBXBuildFile; fileRef = 353C5EF12A3EF41200FDFFE5 /* AllTaskListView.swift */; };
		353C5EF42A3EF84100FDFFE5 /* AllTaskCell.swift in Sources */ = {isa = PBXBuildFile; fileRef = 353C5EF32A3EF84100FDFFE5 /* AllTaskCell.swift */; };
		355B976B2A2D9F0900BD0772 /* EverydayTaskApp.swift in Sources */ = {isa = PBXBuildFile; fileRef = 355B976A2A2D9F0900BD0772 /* EverydayTaskApp.swift */; };
		355B976D2A2D9F0900BD0772 /* ContentView.swift in Sources */ = {isa = PBXBuildFile; fileRef = 355B976C2A2D9F0900BD0772 /* ContentView.swift */; };
		355B976F2A2D9F0B00BD0772 /* Assets.xcassets in Resources */ = {isa = PBXBuildFile; fileRef = 355B976E2A2D9F0B00BD0772 /* Assets.xcassets */; };
		355B97722A2D9F0B00BD0772 /* Preview Assets.xcassets in Resources */ = {isa = PBXBuildFile; fileRef = 355B97712A2D9F0B00BD0772 /* Preview Assets.xcassets */; };
		355B977C2A2DA46E00BD0772 /* Tasks.swift in Sources */ = {isa = PBXBuildFile; fileRef = 355B977B2A2DA46E00BD0772 /* Tasks.swift */; };
		355B977E2A2DA4F400BD0772 /* CalendarView.swift in Sources */ = {isa = PBXBuildFile; fileRef = 355B977D2A2DA4F400BD0772 /* CalendarView.swift */; };
		355B97872A2DA77F00BD0772 /* RKViewController.swift in Sources */ = {isa = PBXBuildFile; fileRef = 355B97802A2DA77F00BD0772 /* RKViewController.swift */; };
		355B97882A2DA77F00BD0772 /* RKManager.swift in Sources */ = {isa = PBXBuildFile; fileRef = 355B97812A2DA77F00BD0772 /* RKManager.swift */; };
		355B97892A2DA77F00BD0772 /* RKWeekdayHeader.swift in Sources */ = {isa = PBXBuildFile; fileRef = 355B97822A2DA77F00BD0772 /* RKWeekdayHeader.swift */; };
		355B978A2A2DA77F00BD0772 /* RKMonth.swift in Sources */ = {isa = PBXBuildFile; fileRef = 355B97832A2DA77F00BD0772 /* RKMonth.swift */; };
		355B978B2A2DA77F00BD0772 /* RKCell.swift in Sources */ = {isa = PBXBuildFile; fileRef = 355B97842A2DA77F00BD0772 /* RKCell.swift */; };
		355B978C2A2DA77F00BD0772 /* RKColorSettings.swift in Sources */ = {isa = PBXBuildFile; fileRef = 355B97852A2DA77F00BD0772 /* RKColorSettings.swift */; };
		355B978D2A2DA77F00BD0772 /* RKDate.swift in Sources */ = {isa = PBXBuildFile; fileRef = 355B97862A2DA77F00BD0772 /* RKDate.swift */; };
		355B978F2A2DE7F500BD0772 /* TaskView.swift in Sources */ = {isa = PBXBuildFile; fileRef = 355B978E2A2DE7F500BD0772 /* TaskView.swift */; };
		3577ECF12A48882F005A6915 /* SideBarStack.swift in Sources */ = {isa = PBXBuildFile; fileRef = 3577ECF02A48882F005A6915 /* SideBarStack.swift */; };
		3577ECF82A4C6290005A6915 /* Localizable.strings in Resources */ = {isa = PBXBuildFile; fileRef = 353C5EEF2A3E025400FDFFE5 /* Localizable.strings */; };
		3585CA302A370956002A090C /* RegularlyTaskCell.swift in Sources */ = {isa = PBXBuildFile; fileRef = 3585CA2F2A370956002A090C /* RegularlyTaskCell.swift */; };
		3585CA322A370972002A090C /* RegularlyTaskView.swift in Sources */ = {isa = PBXBuildFile; fileRef = 3585CA312A370972002A090C /* RegularlyTaskView.swift */; };
		3592BB292A5C13FC00939B61 /* EditRegularlyTaskHistoryView.swift in Sources */ = {isa = PBXBuildFile; fileRef = 3592BB282A5C13FC00939B61 /* EditRegularlyTaskHistoryView.swift */; };
		3592BB302A5FFE8300939B61 /* SpanView.swift in Sources */ = {isa = PBXBuildFile; fileRef = 3592BB2F2A5FFE8300939B61 /* SpanView.swift */; };
		3592BB352A600A6700939B61 /* AddTaskButton.swift in Sources */ = {isa = PBXBuildFile; fileRef = 3592BB342A600A6700939B61 /* AddTaskButton.swift */; };
		35ADE3C92A39D1F0004F3E67 /* InfoPlist.strings in Resources */ = {isa = PBXBuildFile; fileRef = 35ADE3CB2A39D1F0004F3E67 /* InfoPlist.strings */; };
		35ADE3CE2A39E547004F3E67 /* NotificationPickerView.swift in Sources */ = {isa = PBXBuildFile; fileRef = 35ADE3CD2A39E547004F3E67 /* NotificationPickerView.swift */; };
		35ADE3D62A3B4821004F3E67 /* WidgetKit.framework in Frameworks */ = {isa = PBXBuildFile; fileRef = 35ADE3D52A3B4821004F3E67 /* WidgetKit.framework */; };
		35ADE3D82A3B4821004F3E67 /* SwiftUI.framework in Frameworks */ = {isa = PBXBuildFile; fileRef = 35ADE3D72A3B4821004F3E67 /* SwiftUI.framework */; };
		35ADE3DB2A3B4821004F3E67 /* EverydayTaskWidgetBundle.swift in Sources */ = {isa = PBXBuildFile; fileRef = 35ADE3DA2A3B4821004F3E67 /* EverydayTaskWidgetBundle.swift */; };
		35ADE3DD2A3B4821004F3E67 /* EverydayTaskWidgetLiveActivity.swift in Sources */ = {isa = PBXBuildFile; fileRef = 35ADE3DC2A3B4821004F3E67 /* EverydayTaskWidgetLiveActivity.swift */; };
		35ADE3DF2A3B4821004F3E67 /* EverydayTaskWidget.swift in Sources */ = {isa = PBXBuildFile; fileRef = 35ADE3DE2A3B4821004F3E67 /* EverydayTaskWidget.swift */; };
		35ADE3E12A3B4825004F3E67 /* Assets.xcassets in Resources */ = {isa = PBXBuildFile; fileRef = 35ADE3E02A3B4825004F3E67 /* Assets.xcassets */; };
		35ADE3E52A3B4825004F3E67 /* EverydayTaskWidgetExtension.appex in Embed Foundation Extensions */ = {isa = PBXBuildFile; fileRef = 35ADE3D32A3B4821004F3E67 /* EverydayTaskWidgetExtension.appex */; settings = {ATTRIBUTES = (RemoveHeadersOnCopy, ); }; };
		35CCF3442A2E172600C91B80 /* TaskViewModel.swift in Sources */ = {isa = PBXBuildFile; fileRef = 35CCF3432A2E172600C91B80 /* TaskViewModel.swift */; };
		35CCF3462A2EEB0A00C91B80 /* TaskCell.swift in Sources */ = {isa = PBXBuildFile; fileRef = 35CCF3452A2EEB0A00C91B80 /* TaskCell.swift */; };
		35CCF3482A2EFCA500C91B80 /* TaskSettingView.swift in Sources */ = {isa = PBXBuildFile; fileRef = 35CCF3472A2EFCA500C91B80 /* TaskSettingView.swift */; };
/* End PBXBuildFile section */

/* Begin PBXContainerItemProxy section */
		35ADE3E32A3B4825004F3E67 /* PBXContainerItemProxy */ = {
			isa = PBXContainerItemProxy;
			containerPortal = 355B975F2A2D9F0900BD0772 /* Project object */;
			proxyType = 1;
			remoteGlobalIDString = 35ADE3D22A3B4821004F3E67;
			remoteInfo = EverydayTaskWidgetExtension;
		};
/* End PBXContainerItemProxy section */

/* Begin PBXCopyFilesBuildPhase section */
		35ADE3E92A3B4825004F3E67 /* Embed Foundation Extensions */ = {
			isa = PBXCopyFilesBuildPhase;
			buildActionMask = 2147483647;
			dstPath = "";
			dstSubfolderSpec = 13;
			files = (
				35ADE3E52A3B4825004F3E67 /* EverydayTaskWidgetExtension.appex in Embed Foundation Extensions */,
			);
			name = "Embed Foundation Extensions";
			runOnlyForDeploymentPostprocessing = 0;
		};
/* End PBXCopyFilesBuildPhase section */

/* Begin PBXFileReference section */
		350BA4402A528A380071FF23 /* CustomTaskPickerView.swift */ = {isa = PBXFileReference; lastKnownFileType = sourcecode.swift; path = CustomTaskPickerView.swift; sourceTree = "<group>"; };
		353AD8032A5BAE12007CCEFA /* SortKey.swift */ = {isa = PBXFileReference; lastKnownFileType = sourcecode.swift; path = SortKey.swift; sourceTree = "<group>"; };
		353AD8052A5BAE27007CCEFA /* TaskCellStyle.swift */ = {isa = PBXFileReference; lastKnownFileType = sourcecode.swift; path = TaskCellStyle.swift; sourceTree = "<group>"; };
		353C5EEE2A3E025400FDFFE5 /* en */ = {isa = PBXFileReference; lastKnownFileType = text.plist.strings; name = en; path = en.lproj/Localizable.strings; sourceTree = "<group>"; };
		353C5EF02A3E025900FDFFE5 /* ja */ = {isa = PBXFileReference; lastKnownFileType = text.plist.strings; name = ja; path = ja.lproj/Localizable.strings; sourceTree = "<group>"; };
		353C5EF12A3EF41200FDFFE5 /* AllTaskListView.swift */ = {isa = PBXFileReference; lastKnownFileType = sourcecode.swift; path = AllTaskListView.swift; sourceTree = "<group>"; };
		353C5EF32A3EF84100FDFFE5 /* AllTaskCell.swift */ = {isa = PBXFileReference; lastKnownFileType = sourcecode.swift; path = AllTaskCell.swift; sourceTree = "<group>"; };
		355B97672A2D9F0900BD0772 /* EverydayTask.app */ = {isa = PBXFileReference; explicitFileType = wrapper.application; includeInIndex = 0; path = EverydayTask.app; sourceTree = BUILT_PRODUCTS_DIR; };
		355B976A2A2D9F0900BD0772 /* EverydayTaskApp.swift */ = {isa = PBXFileReference; lastKnownFileType = sourcecode.swift; path = EverydayTaskApp.swift; sourceTree = "<group>"; };
		355B976C2A2D9F0900BD0772 /* ContentView.swift */ = {isa = PBXFileReference; lastKnownFileType = sourcecode.swift; path = ContentView.swift; sourceTree = "<group>"; };
		355B976E2A2D9F0B00BD0772 /* Assets.xcassets */ = {isa = PBXFileReference; lastKnownFileType = folder.assetcatalog; path = Assets.xcassets; sourceTree = "<group>"; };
		355B97712A2D9F0B00BD0772 /* Preview Assets.xcassets */ = {isa = PBXFileReference; lastKnownFileType = folder.assetcatalog; path = "Preview Assets.xcassets"; sourceTree = "<group>"; };
		355B977B2A2DA46E00BD0772 /* Tasks.swift */ = {isa = PBXFileReference; lastKnownFileType = sourcecode.swift; path = Tasks.swift; sourceTree = "<group>"; };
		355B977D2A2DA4F400BD0772 /* CalendarView.swift */ = {isa = PBXFileReference; lastKnownFileType = sourcecode.swift; path = CalendarView.swift; sourceTree = "<group>"; };
		355B97802A2DA77F00BD0772 /* RKViewController.swift */ = {isa = PBXFileReference; fileEncoding = 4; lastKnownFileType = sourcecode.swift; path = RKViewController.swift; sourceTree = "<group>"; };
		355B97812A2DA77F00BD0772 /* RKManager.swift */ = {isa = PBXFileReference; fileEncoding = 4; lastKnownFileType = sourcecode.swift; path = RKManager.swift; sourceTree = "<group>"; };
		355B97822A2DA77F00BD0772 /* RKWeekdayHeader.swift */ = {isa = PBXFileReference; fileEncoding = 4; lastKnownFileType = sourcecode.swift; path = RKWeekdayHeader.swift; sourceTree = "<group>"; };
		355B97832A2DA77F00BD0772 /* RKMonth.swift */ = {isa = PBXFileReference; fileEncoding = 4; lastKnownFileType = sourcecode.swift; path = RKMonth.swift; sourceTree = "<group>"; };
		355B97842A2DA77F00BD0772 /* RKCell.swift */ = {isa = PBXFileReference; fileEncoding = 4; lastKnownFileType = sourcecode.swift; path = RKCell.swift; sourceTree = "<group>"; };
		355B97852A2DA77F00BD0772 /* RKColorSettings.swift */ = {isa = PBXFileReference; fileEncoding = 4; lastKnownFileType = sourcecode.swift; path = RKColorSettings.swift; sourceTree = "<group>"; };
		355B97862A2DA77F00BD0772 /* RKDate.swift */ = {isa = PBXFileReference; fileEncoding = 4; lastKnownFileType = sourcecode.swift; path = RKDate.swift; sourceTree = "<group>"; };
		355B978E2A2DE7F500BD0772 /* TaskView.swift */ = {isa = PBXFileReference; lastKnownFileType = sourcecode.swift; path = TaskView.swift; sourceTree = "<group>"; };
		3577ECF02A48882F005A6915 /* SideBarStack.swift */ = {isa = PBXFileReference; lastKnownFileType = sourcecode.swift; path = SideBarStack.swift; sourceTree = "<group>"; };
		3585CA2F2A370956002A090C /* RegularlyTaskCell.swift */ = {isa = PBXFileReference; lastKnownFileType = sourcecode.swift; path = RegularlyTaskCell.swift; sourceTree = "<group>"; };
		3585CA312A370972002A090C /* RegularlyTaskView.swift */ = {isa = PBXFileReference; lastKnownFileType = sourcecode.swift; path = RegularlyTaskView.swift; sourceTree = "<group>"; };
		3592BB282A5C13FC00939B61 /* EditRegularlyTaskHistoryView.swift */ = {isa = PBXFileReference; lastKnownFileType = sourcecode.swift; path = EditRegularlyTaskHistoryView.swift; sourceTree = "<group>"; };
		3592BB2F2A5FFE8300939B61 /* SpanView.swift */ = {isa = PBXFileReference; lastKnownFileType = sourcecode.swift; path = SpanView.swift; sourceTree = "<group>"; };
		3592BB342A600A6700939B61 /* AddTaskButton.swift */ = {isa = PBXFileReference; lastKnownFileType = sourcecode.swift; path = AddTaskButton.swift; sourceTree = "<group>"; };
		35ADE3CA2A39D1F0004F3E67 /* en */ = {isa = PBXFileReference; lastKnownFileType = text.plist.strings; name = en; path = en.lproj/InfoPlist.strings; sourceTree = "<group>"; };
		35ADE3CC2A39D1F7004F3E67 /* ja */ = {isa = PBXFileReference; lastKnownFileType = text.plist.strings; name = ja; path = ja.lproj/InfoPlist.strings; sourceTree = "<group>"; };
		35ADE3CD2A39E547004F3E67 /* NotificationPickerView.swift */ = {isa = PBXFileReference; fileEncoding = 4; lastKnownFileType = sourcecode.swift; path = NotificationPickerView.swift; sourceTree = "<group>"; };
		35ADE3D32A3B4821004F3E67 /* EverydayTaskWidgetExtension.appex */ = {isa = PBXFileReference; explicitFileType = "wrapper.app-extension"; includeInIndex = 0; path = EverydayTaskWidgetExtension.appex; sourceTree = BUILT_PRODUCTS_DIR; };
		35ADE3D52A3B4821004F3E67 /* WidgetKit.framework */ = {isa = PBXFileReference; lastKnownFileType = wrapper.framework; name = WidgetKit.framework; path = System/Library/Frameworks/WidgetKit.framework; sourceTree = SDKROOT; };
		35ADE3D72A3B4821004F3E67 /* SwiftUI.framework */ = {isa = PBXFileReference; lastKnownFileType = wrapper.framework; name = SwiftUI.framework; path = System/Library/Frameworks/SwiftUI.framework; sourceTree = SDKROOT; };
		35ADE3DA2A3B4821004F3E67 /* EverydayTaskWidgetBundle.swift */ = {isa = PBXFileReference; lastKnownFileType = sourcecode.swift; path = EverydayTaskWidgetBundle.swift; sourceTree = "<group>"; };
		35ADE3DC2A3B4821004F3E67 /* EverydayTaskWidgetLiveActivity.swift */ = {isa = PBXFileReference; lastKnownFileType = sourcecode.swift; path = EverydayTaskWidgetLiveActivity.swift; sourceTree = "<group>"; };
		35ADE3DE2A3B4821004F3E67 /* EverydayTaskWidget.swift */ = {isa = PBXFileReference; lastKnownFileType = sourcecode.swift; path = EverydayTaskWidget.swift; sourceTree = "<group>"; };
		35ADE3E02A3B4825004F3E67 /* Assets.xcassets */ = {isa = PBXFileReference; lastKnownFileType = folder.assetcatalog; path = Assets.xcassets; sourceTree = "<group>"; };
		35ADE3E22A3B4825004F3E67 /* Info.plist */ = {isa = PBXFileReference; lastKnownFileType = text.plist.xml; path = Info.plist; sourceTree = "<group>"; };
		35ADE3EA2A3B49F9004F3E67 /* EverydayTask.entitlements */ = {isa = PBXFileReference; lastKnownFileType = text.plist.entitlements; path = EverydayTask.entitlements; sourceTree = "<group>"; };
		35ADE3EB2A3B4A9A004F3E67 /* EverydayTaskWidgetExtension.entitlements */ = {isa = PBXFileReference; lastKnownFileType = text.plist.entitlements; path = EverydayTaskWidgetExtension.entitlements; sourceTree = "<group>"; };
		35CCF3432A2E172600C91B80 /* TaskViewModel.swift */ = {isa = PBXFileReference; lastKnownFileType = sourcecode.swift; path = TaskViewModel.swift; sourceTree = "<group>"; };
		35CCF3452A2EEB0A00C91B80 /* TaskCell.swift */ = {isa = PBXFileReference; lastKnownFileType = sourcecode.swift; path = TaskCell.swift; sourceTree = "<group>"; };
		35CCF3472A2EFCA500C91B80 /* TaskSettingView.swift */ = {isa = PBXFileReference; lastKnownFileType = sourcecode.swift; path = TaskSettingView.swift; sourceTree = "<group>"; };
/* End PBXFileReference section */

/* Begin PBXFrameworksBuildPhase section */
		355B97642A2D9F0900BD0772 /* Frameworks */ = {
			isa = PBXFrameworksBuildPhase;
			buildActionMask = 2147483647;
			files = (
			);
			runOnlyForDeploymentPostprocessing = 0;
		};
		35ADE3D02A3B4821004F3E67 /* Frameworks */ = {
			isa = PBXFrameworksBuildPhase;
			buildActionMask = 2147483647;
			files = (
				35ADE3D82A3B4821004F3E67 /* SwiftUI.framework in Frameworks */,
				35ADE3D62A3B4821004F3E67 /* WidgetKit.framework in Frameworks */,
			);
			runOnlyForDeploymentPostprocessing = 0;
		};
/* End PBXFrameworksBuildPhase section */

/* Begin PBXGroup section */
		355B975E2A2D9F0900BD0772 = {
			isa = PBXGroup;
			children = (
				35ADE3EB2A3B4A9A004F3E67 /* EverydayTaskWidgetExtension.entitlements */,
				355B97692A2D9F0900BD0772 /* EverydayTask */,
				35ADE3D92A3B4821004F3E67 /* EverydayTaskWidget */,
				35ADE3D42A3B4821004F3E67 /* Frameworks */,
				355B97682A2D9F0900BD0772 /* Products */,
			);
			sourceTree = "<group>";
		};
		355B97682A2D9F0900BD0772 /* Products */ = {
			isa = PBXGroup;
			children = (
				355B97672A2D9F0900BD0772 /* EverydayTask.app */,
				35ADE3D32A3B4821004F3E67 /* EverydayTaskWidgetExtension.appex */,
			);
			name = Products;
			sourceTree = "<group>";
		};
		355B97692A2D9F0900BD0772 /* EverydayTask */ = {
			isa = PBXGroup;
			children = (
				35ADE3EA2A3B49F9004F3E67 /* EverydayTask.entitlements */,
				355B976A2A2D9F0900BD0772 /* EverydayTaskApp.swift */,
				353C5EEF2A3E025400FDFFE5 /* Localizable.strings */,
				35ADE3CB2A39D1F0004F3E67 /* InfoPlist.strings */,
				355B976C2A2D9F0900BD0772 /* ContentView.swift */,
				355B977A2A2DA45200BD0772 /* Model */,
				355B97782A2DA44900BD0772 /* Views */,
				355B97792A2DA44D00BD0772 /* ViewModel */,
				355B976E2A2D9F0B00BD0772 /* Assets.xcassets */,
				355B97702A2D9F0B00BD0772 /* Preview Content */,
			);
			path = EverydayTask;
			sourceTree = "<group>";
		};
		355B97702A2D9F0B00BD0772 /* Preview Content */ = {
			isa = PBXGroup;
			children = (
				355B97712A2D9F0B00BD0772 /* Preview Assets.xcassets */,
			);
			path = "Preview Content";
			sourceTree = "<group>";
		};
		355B97782A2DA44900BD0772 /* Views */ = {
			isa = PBXGroup;
			children = (
				3592BB2D2A5D6B1200939B61 /* MainViews */,
				3592BB2E2A5D6B3B00939B61 /* SubViews */,
				3592BB332A600A3600939B61 /* Components */,
				355B977F2A2DA77F00BD0772 /* CalendarView */,
			);
			path = Views;
			sourceTree = "<group>";
		};
		355B97792A2DA44D00BD0772 /* ViewModel */ = {
			isa = PBXGroup;
			children = (
				35CCF3432A2E172600C91B80 /* TaskViewModel.swift */,
			);
			path = ViewModel;
			sourceTree = "<group>";
		};
		355B977A2A2DA45200BD0772 /* Model */ = {
			isa = PBXGroup;
			children = (
				355B977B2A2DA46E00BD0772 /* Tasks.swift */,
				353AD8032A5BAE12007CCEFA /* SortKey.swift */,
				353AD8052A5BAE27007CCEFA /* TaskCellStyle.swift */,
			);
			path = Model;
			sourceTree = "<group>";
		};
		355B977F2A2DA77F00BD0772 /* CalendarView */ = {
			isa = PBXGroup;
			children = (
				355B97802A2DA77F00BD0772 /* RKViewController.swift */,
				355B97812A2DA77F00BD0772 /* RKManager.swift */,
				355B97822A2DA77F00BD0772 /* RKWeekdayHeader.swift */,
				355B97832A2DA77F00BD0772 /* RKMonth.swift */,
				355B97842A2DA77F00BD0772 /* RKCell.swift */,
				355B97852A2DA77F00BD0772 /* RKColorSettings.swift */,
				355B97862A2DA77F00BD0772 /* RKDate.swift */,
			);
			path = CalendarView;
			sourceTree = "<group>";
		};
		3592BB2C2A5D6AFC00939B61 /* Pickers */ = {
			isa = PBXGroup;
			children = (
				35ADE3CD2A39E547004F3E67 /* NotificationPickerView.swift */,
				350BA4402A528A380071FF23 /* CustomTaskPickerView.swift */,
			);
			path = Pickers;
			sourceTree = "<group>";
		};
		3592BB2D2A5D6B1200939B61 /* MainViews */ = {
			isa = PBXGroup;
			children = (
				355B977D2A2DA4F400BD0772 /* CalendarView.swift */,
				355B978E2A2DE7F500BD0772 /* TaskView.swift */,
				35CCF3452A2EEB0A00C91B80 /* TaskCell.swift */,
				353C5EF12A3EF41200FDFFE5 /* AllTaskListView.swift */,
				353C5EF32A3EF84100FDFFE5 /* AllTaskCell.swift */,
				3585CA2F2A370956002A090C /* RegularlyTaskCell.swift */,
				3585CA312A370972002A090C /* RegularlyTaskView.swift */,
			);
			path = MainViews;
			sourceTree = "<group>";
		};
		3592BB2E2A5D6B3B00939B61 /* SubViews */ = {
			isa = PBXGroup;
			children = (
				35CCF3472A2EFCA500C91B80 /* TaskSettingView.swift */,
				3577ECF02A48882F005A6915 /* SideBarStack.swift */,
				3592BB282A5C13FC00939B61 /* EditRegularlyTaskHistoryView.swift */,
			);
			path = SubViews;
			sourceTree = "<group>";
		};
		3592BB332A600A3600939B61 /* Components */ = {
			isa = PBXGroup;
			children = (
				3592BB2C2A5D6AFC00939B61 /* Pickers */,
				3592BB2F2A5FFE8300939B61 /* SpanView.swift */,
				3592BB342A600A6700939B61 /* AddTaskButton.swift */,
			);
			path = Components;
			sourceTree = "<group>";
		};
		35ADE3D42A3B4821004F3E67 /* Frameworks */ = {
			isa = PBXGroup;
			children = (
				35ADE3D52A3B4821004F3E67 /* WidgetKit.framework */,
				35ADE3D72A3B4821004F3E67 /* SwiftUI.framework */,
			);
			name = Frameworks;
			sourceTree = "<group>";
		};
		35ADE3D92A3B4821004F3E67 /* EverydayTaskWidget */ = {
			isa = PBXGroup;
			children = (
				35ADE3DA2A3B4821004F3E67 /* EverydayTaskWidgetBundle.swift */,
				35ADE3DC2A3B4821004F3E67 /* EverydayTaskWidgetLiveActivity.swift */,
				35ADE3DE2A3B4821004F3E67 /* EverydayTaskWidget.swift */,
				35ADE3E02A3B4825004F3E67 /* Assets.xcassets */,
				35ADE3E22A3B4825004F3E67 /* Info.plist */,
			);
			path = EverydayTaskWidget;
			sourceTree = "<group>";
		};
/* End PBXGroup section */

/* Begin PBXNativeTarget section */
		355B97662A2D9F0900BD0772 /* EverydayTask */ = {
			isa = PBXNativeTarget;
			buildConfigurationList = 355B97752A2D9F0B00BD0772 /* Build configuration list for PBXNativeTarget "EverydayTask" */;
			buildPhases = (
				355B97632A2D9F0900BD0772 /* Sources */,
				355B97642A2D9F0900BD0772 /* Frameworks */,
				355B97652A2D9F0900BD0772 /* Resources */,
				35ADE3E92A3B4825004F3E67 /* Embed Foundation Extensions */,
			);
			buildRules = (
			);
			dependencies = (
				35ADE3E42A3B4825004F3E67 /* PBXTargetDependency */,
			);
			name = EverydayTask;
			productName = EverydayTask;
			productReference = 355B97672A2D9F0900BD0772 /* EverydayTask.app */;
			productType = "com.apple.product-type.application";
		};
		35ADE3D22A3B4821004F3E67 /* EverydayTaskWidgetExtension */ = {
			isa = PBXNativeTarget;
			buildConfigurationList = 35ADE3E62A3B4825004F3E67 /* Build configuration list for PBXNativeTarget "EverydayTaskWidgetExtension" */;
			buildPhases = (
				35ADE3CF2A3B4821004F3E67 /* Sources */,
				35ADE3D02A3B4821004F3E67 /* Frameworks */,
				35ADE3D12A3B4821004F3E67 /* Resources */,
			);
			buildRules = (
			);
			dependencies = (
			);
			name = EverydayTaskWidgetExtension;
			productName = EverydayTaskWidgetExtension;
			productReference = 35ADE3D32A3B4821004F3E67 /* EverydayTaskWidgetExtension.appex */;
			productType = "com.apple.product-type.app-extension";
		};
/* End PBXNativeTarget section */

/* Begin PBXProject section */
		355B975F2A2D9F0900BD0772 /* Project object */ = {
			isa = PBXProject;
			attributes = {
				BuildIndependentTargetsInParallel = 1;
				LastSwiftUpdateCheck = 1430;
				LastUpgradeCheck = 1430;
				TargetAttributes = {
					355B97662A2D9F0900BD0772 = {
						CreatedOnToolsVersion = 14.3.1;
					};
					35ADE3D22A3B4821004F3E67 = {
						CreatedOnToolsVersion = 14.3.1;
					};
				};
			};
			buildConfigurationList = 355B97622A2D9F0900BD0772 /* Build configuration list for PBXProject "EverydayTask" */;
			compatibilityVersion = "Xcode 14.0";
			developmentRegion = en;
			hasScannedForEncodings = 0;
			knownRegions = (
				en,
				Base,
				ja,
			);
			mainGroup = 355B975E2A2D9F0900BD0772;
			productRefGroup = 355B97682A2D9F0900BD0772 /* Products */;
			projectDirPath = "";
			projectRoot = "";
			targets = (
				355B97662A2D9F0900BD0772 /* EverydayTask */,
				35ADE3D22A3B4821004F3E67 /* EverydayTaskWidgetExtension */,
			);
		};
/* End PBXProject section */

/* Begin PBXResourcesBuildPhase section */
		355B97652A2D9F0900BD0772 /* Resources */ = {
			isa = PBXResourcesBuildPhase;
			buildActionMask = 2147483647;
			files = (
				355B97722A2D9F0B00BD0772 /* Preview Assets.xcassets in Resources */,
				353C5EED2A3E025400FDFFE5 /* Localizable.strings in Resources */,
				35ADE3C92A39D1F0004F3E67 /* InfoPlist.strings in Resources */,
				355B976F2A2D9F0B00BD0772 /* Assets.xcassets in Resources */,
			);
			runOnlyForDeploymentPostprocessing = 0;
		};
		35ADE3D12A3B4821004F3E67 /* Resources */ = {
			isa = PBXResourcesBuildPhase;
			buildActionMask = 2147483647;
			files = (
				35ADE3E12A3B4825004F3E67 /* Assets.xcassets in Resources */,
				3577ECF82A4C6290005A6915 /* Localizable.strings in Resources */,
			);
			runOnlyForDeploymentPostprocessing = 0;
		};
/* End PBXResourcesBuildPhase section */

/* Begin PBXSourcesBuildPhase section */
		355B97632A2D9F0900BD0772 /* Sources */ = {
			isa = PBXSourcesBuildPhase;
			buildActionMask = 2147483647;
			files = (
				355B97882A2DA77F00BD0772 /* RKManager.swift in Sources */,
				3592BB302A5FFE8300939B61 /* SpanView.swift in Sources */,
				355B976D2A2D9F0900BD0772 /* ContentView.swift in Sources */,
				350BA4412A528A380071FF23 /* CustomTaskPickerView.swift in Sources */,
				35ADE3CE2A39E547004F3E67 /* NotificationPickerView.swift in Sources */,
				3577ECF12A48882F005A6915 /* SideBarStack.swift in Sources */,
				355B97872A2DA77F00BD0772 /* RKViewController.swift in Sources */,
				355B978F2A2DE7F500BD0772 /* TaskView.swift in Sources */,
				3592BB292A5C13FC00939B61 /* EditRegularlyTaskHistoryView.swift in Sources */,
				353AD8042A5BAE12007CCEFA /* SortKey.swift in Sources */,
				355B978C2A2DA77F00BD0772 /* RKColorSettings.swift in Sources */,
				3592BB352A600A6700939B61 /* AddTaskButton.swift in Sources */,
				35CCF3482A2EFCA500C91B80 /* TaskSettingView.swift in Sources */,
				353AD8062A5BAE27007CCEFA /* TaskCellStyle.swift in Sources */,
				355B978A2A2DA77F00BD0772 /* RKMonth.swift in Sources */,
				35CCF3442A2E172600C91B80 /* TaskViewModel.swift in Sources */,
				355B978B2A2DA77F00BD0772 /* RKCell.swift in Sources */,
				3585CA322A370972002A090C /* RegularlyTaskView.swift in Sources */,
				35CCF3462A2EEB0A00C91B80 /* TaskCell.swift in Sources */,
				353C5EF42A3EF84100FDFFE5 /* AllTaskCell.swift in Sources */,
				355B97892A2DA77F00BD0772 /* RKWeekdayHeader.swift in Sources */,
				355B978D2A2DA77F00BD0772 /* RKDate.swift in Sources */,
				353C5EF22A3EF41200FDFFE5 /* AllTaskListView.swift in Sources */,
				355B977C2A2DA46E00BD0772 /* Tasks.swift in Sources */,
				355B977E2A2DA4F400BD0772 /* CalendarView.swift in Sources */,
				355B976B2A2D9F0900BD0772 /* EverydayTaskApp.swift in Sources */,
				3585CA302A370956002A090C /* RegularlyTaskCell.swift in Sources */,
			);
			runOnlyForDeploymentPostprocessing = 0;
		};
		35ADE3CF2A3B4821004F3E67 /* Sources */ = {
			isa = PBXSourcesBuildPhase;
			buildActionMask = 2147483647;
			files = (
				3516BCAF2A59B5EF001E6472 /* Tasks.swift in Sources */,
				35ADE3DD2A3B4821004F3E67 /* EverydayTaskWidgetLiveActivity.swift in Sources */,
				35ADE3DF2A3B4821004F3E67 /* EverydayTaskWidget.swift in Sources */,
				35ADE3DB2A3B4821004F3E67 /* EverydayTaskWidgetBundle.swift in Sources */,
			);
			runOnlyForDeploymentPostprocessing = 0;
		};
/* End PBXSourcesBuildPhase section */

/* Begin PBXTargetDependency section */
		35ADE3E42A3B4825004F3E67 /* PBXTargetDependency */ = {
			isa = PBXTargetDependency;
			target = 35ADE3D22A3B4821004F3E67 /* EverydayTaskWidgetExtension */;
			targetProxy = 35ADE3E32A3B4825004F3E67 /* PBXContainerItemProxy */;
		};
/* End PBXTargetDependency section */

/* Begin PBXVariantGroup section */
		353C5EEF2A3E025400FDFFE5 /* Localizable.strings */ = {
			isa = PBXVariantGroup;
			children = (
				353C5EEE2A3E025400FDFFE5 /* en */,
				353C5EF02A3E025900FDFFE5 /* ja */,
			);
			name = Localizable.strings;
			sourceTree = "<group>";
		};
		35ADE3CB2A39D1F0004F3E67 /* InfoPlist.strings */ = {
			isa = PBXVariantGroup;
			children = (
				35ADE3CA2A39D1F0004F3E67 /* en */,
				35ADE3CC2A39D1F7004F3E67 /* ja */,
			);
			name = InfoPlist.strings;
			sourceTree = "<group>";
		};
/* End PBXVariantGroup section */

/* Begin XCBuildConfiguration section */
		355B97732A2D9F0B00BD0772 /* Debug */ = {
			isa = XCBuildConfiguration;
			buildSettings = {
				ALWAYS_SEARCH_USER_PATHS = NO;
				CLANG_ANALYZER_NONNULL = YES;
				CLANG_ANALYZER_NUMBER_OBJECT_CONVERSION = YES_AGGRESSIVE;
				CLANG_CXX_LANGUAGE_STANDARD = "gnu++20";
				CLANG_ENABLE_MODULES = YES;
				CLANG_ENABLE_OBJC_ARC = YES;
				CLANG_ENABLE_OBJC_WEAK = YES;
				CLANG_WARN_BLOCK_CAPTURE_AUTORELEASING = YES;
				CLANG_WARN_BOOL_CONVERSION = YES;
				CLANG_WARN_COMMA = YES;
				CLANG_WARN_CONSTANT_CONVERSION = YES;
				CLANG_WARN_DEPRECATED_OBJC_IMPLEMENTATIONS = YES;
				CLANG_WARN_DIRECT_OBJC_ISA_USAGE = YES_ERROR;
				CLANG_WARN_DOCUMENTATION_COMMENTS = YES;
				CLANG_WARN_EMPTY_BODY = YES;
				CLANG_WARN_ENUM_CONVERSION = YES;
				CLANG_WARN_INFINITE_RECURSION = YES;
				CLANG_WARN_INT_CONVERSION = YES;
				CLANG_WARN_NON_LITERAL_NULL_CONVERSION = YES;
				CLANG_WARN_OBJC_IMPLICIT_RETAIN_SELF = YES;
				CLANG_WARN_OBJC_LITERAL_CONVERSION = YES;
				CLANG_WARN_OBJC_ROOT_CLASS = YES_ERROR;
				CLANG_WARN_QUOTED_INCLUDE_IN_FRAMEWORK_HEADER = YES;
				CLANG_WARN_RANGE_LOOP_ANALYSIS = YES;
				CLANG_WARN_STRICT_PROTOTYPES = YES;
				CLANG_WARN_SUSPICIOUS_MOVE = YES;
				CLANG_WARN_UNGUARDED_AVAILABILITY = YES_AGGRESSIVE;
				CLANG_WARN_UNREACHABLE_CODE = YES;
				CLANG_WARN__DUPLICATE_METHOD_MATCH = YES;
				COPY_PHASE_STRIP = NO;
				DEBUG_INFORMATION_FORMAT = dwarf;
				ENABLE_STRICT_OBJC_MSGSEND = YES;
				ENABLE_TESTABILITY = YES;
				GCC_C_LANGUAGE_STANDARD = gnu11;
				GCC_DYNAMIC_NO_PIC = NO;
				GCC_NO_COMMON_BLOCKS = YES;
				GCC_OPTIMIZATION_LEVEL = 0;
				GCC_PREPROCESSOR_DEFINITIONS = (
					"DEBUG=1",
					"$(inherited)",
				);
				GCC_WARN_64_TO_32_BIT_CONVERSION = YES;
				GCC_WARN_ABOUT_RETURN_TYPE = YES_ERROR;
				GCC_WARN_UNDECLARED_SELECTOR = YES;
				GCC_WARN_UNINITIALIZED_AUTOS = YES_AGGRESSIVE;
				GCC_WARN_UNUSED_FUNCTION = YES;
				GCC_WARN_UNUSED_VARIABLE = YES;
				IPHONEOS_DEPLOYMENT_TARGET = 16.4;
				MTL_ENABLE_DEBUG_INFO = INCLUDE_SOURCE;
				MTL_FAST_MATH = YES;
				ONLY_ACTIVE_ARCH = YES;
				SDKROOT = iphoneos;
				SWIFT_ACTIVE_COMPILATION_CONDITIONS = DEBUG;
				SWIFT_OPTIMIZATION_LEVEL = "-Onone";
			};
			name = Debug;
		};
		355B97742A2D9F0B00BD0772 /* Release */ = {
			isa = XCBuildConfiguration;
			buildSettings = {
				ALWAYS_SEARCH_USER_PATHS = NO;
				CLANG_ANALYZER_NONNULL = YES;
				CLANG_ANALYZER_NUMBER_OBJECT_CONVERSION = YES_AGGRESSIVE;
				CLANG_CXX_LANGUAGE_STANDARD = "gnu++20";
				CLANG_ENABLE_MODULES = YES;
				CLANG_ENABLE_OBJC_ARC = YES;
				CLANG_ENABLE_OBJC_WEAK = YES;
				CLANG_WARN_BLOCK_CAPTURE_AUTORELEASING = YES;
				CLANG_WARN_BOOL_CONVERSION = YES;
				CLANG_WARN_COMMA = YES;
				CLANG_WARN_CONSTANT_CONVERSION = YES;
				CLANG_WARN_DEPRECATED_OBJC_IMPLEMENTATIONS = YES;
				CLANG_WARN_DIRECT_OBJC_ISA_USAGE = YES_ERROR;
				CLANG_WARN_DOCUMENTATION_COMMENTS = YES;
				CLANG_WARN_EMPTY_BODY = YES;
				CLANG_WARN_ENUM_CONVERSION = YES;
				CLANG_WARN_INFINITE_RECURSION = YES;
				CLANG_WARN_INT_CONVERSION = YES;
				CLANG_WARN_NON_LITERAL_NULL_CONVERSION = YES;
				CLANG_WARN_OBJC_IMPLICIT_RETAIN_SELF = YES;
				CLANG_WARN_OBJC_LITERAL_CONVERSION = YES;
				CLANG_WARN_OBJC_ROOT_CLASS = YES_ERROR;
				CLANG_WARN_QUOTED_INCLUDE_IN_FRAMEWORK_HEADER = YES;
				CLANG_WARN_RANGE_LOOP_ANALYSIS = YES;
				CLANG_WARN_STRICT_PROTOTYPES = YES;
				CLANG_WARN_SUSPICIOUS_MOVE = YES;
				CLANG_WARN_UNGUARDED_AVAILABILITY = YES_AGGRESSIVE;
				CLANG_WARN_UNREACHABLE_CODE = YES;
				CLANG_WARN__DUPLICATE_METHOD_MATCH = YES;
				COPY_PHASE_STRIP = NO;
				DEBUG_INFORMATION_FORMAT = "dwarf-with-dsym";
				ENABLE_NS_ASSERTIONS = NO;
				ENABLE_STRICT_OBJC_MSGSEND = YES;
				GCC_C_LANGUAGE_STANDARD = gnu11;
				GCC_NO_COMMON_BLOCKS = YES;
				GCC_WARN_64_TO_32_BIT_CONVERSION = YES;
				GCC_WARN_ABOUT_RETURN_TYPE = YES_ERROR;
				GCC_WARN_UNDECLARED_SELECTOR = YES;
				GCC_WARN_UNINITIALIZED_AUTOS = YES_AGGRESSIVE;
				GCC_WARN_UNUSED_FUNCTION = YES;
				GCC_WARN_UNUSED_VARIABLE = YES;
				IPHONEOS_DEPLOYMENT_TARGET = 16.4;
				MTL_ENABLE_DEBUG_INFO = NO;
				MTL_FAST_MATH = YES;
				SDKROOT = iphoneos;
				SWIFT_COMPILATION_MODE = wholemodule;
				SWIFT_OPTIMIZATION_LEVEL = "-O";
				VALIDATE_PRODUCT = YES;
			};
			name = Release;
		};
		355B97762A2D9F0B00BD0772 /* Debug */ = {
			isa = XCBuildConfiguration;
			buildSettings = {
				ALWAYS_EMBED_SWIFT_STANDARD_LIBRARIES = YES;
				ASSETCATALOG_COMPILER_APPICON_NAME = AppIcon;
				ASSETCATALOG_COMPILER_GLOBAL_ACCENT_COLOR_NAME = AccentColor;
				CODE_SIGN_ENTITLEMENTS = EverydayTask/EverydayTask.entitlements;
				CODE_SIGN_IDENTITY = "Apple Development";
				CODE_SIGN_STYLE = Automatic;
				CURRENT_PROJECT_VERSION = 1.6;
				DEVELOPMENT_ASSET_PATHS = "\"EverydayTask/Preview Content\"";
				DEVELOPMENT_TEAM = NZ6NQZK56A;
				ENABLE_PREVIEWS = YES;
				GENERATE_INFOPLIST_FILE = YES;
				INFOPLIST_KEY_LSApplicationCategoryType = "public.app-category.productivity";
				INFOPLIST_KEY_UIApplicationSceneManifest_Generation = YES;
				INFOPLIST_KEY_UIApplicationSupportsIndirectInputEvents = YES;
				INFOPLIST_KEY_UILaunchScreen_Generation = YES;
				INFOPLIST_KEY_UISupportedInterfaceOrientations_iPad = "UIInterfaceOrientationPortrait UIInterfaceOrientationPortraitUpsideDown UIInterfaceOrientationLandscapeLeft UIInterfaceOrientationLandscapeRight";
				INFOPLIST_KEY_UISupportedInterfaceOrientations_iPhone = UIInterfaceOrientationPortrait;
				IPHONEOS_DEPLOYMENT_TARGET = 16.4;
				LD_RUNPATH_SEARCH_PATHS = (
					"$(inherited)",
					"@executable_path/Frameworks",
				);
				MARKETING_VERSION = 1.2;
				PRODUCT_BUNDLE_IDENTIFIER = myproject.EverydayTaskdaiseitanaka;
				PRODUCT_NAME = "$(TARGET_NAME)";
				PROVISIONING_PROFILE_SPECIFIER = "";
				SUPPORTED_PLATFORMS = "iphoneos iphonesimulator";
				SUPPORTS_MACCATALYST = NO;
				SUPPORTS_MAC_DESIGNED_FOR_IPHONE_IPAD = YES;
				SWIFT_EMIT_LOC_STRINGS = YES;
				SWIFT_VERSION = 5.0;
				TARGETED_DEVICE_FAMILY = 1;
			};
			name = Debug;
		};
		355B97772A2D9F0B00BD0772 /* Release */ = {
			isa = XCBuildConfiguration;
			buildSettings = {
				ALWAYS_EMBED_SWIFT_STANDARD_LIBRARIES = YES;
				ASSETCATALOG_COMPILER_APPICON_NAME = AppIcon;
				ASSETCATALOG_COMPILER_GLOBAL_ACCENT_COLOR_NAME = AccentColor;
				CODE_SIGN_ENTITLEMENTS = EverydayTask/EverydayTask.entitlements;
				CODE_SIGN_IDENTITY = "Apple Development";
				CODE_SIGN_STYLE = Automatic;
				CURRENT_PROJECT_VERSION = 1.6;
				DEVELOPMENT_ASSET_PATHS = "\"EverydayTask/Preview Content\"";
				DEVELOPMENT_TEAM = NZ6NQZK56A;
				ENABLE_PREVIEWS = YES;
				GENERATE_INFOPLIST_FILE = YES;
				INFOPLIST_KEY_LSApplicationCategoryType = "public.app-category.productivity";
				INFOPLIST_KEY_UIApplicationSceneManifest_Generation = YES;
				INFOPLIST_KEY_UIApplicationSupportsIndirectInputEvents = YES;
				INFOPLIST_KEY_UILaunchScreen_Generation = YES;
				INFOPLIST_KEY_UISupportedInterfaceOrientations_iPad = "UIInterfaceOrientationPortrait UIInterfaceOrientationPortraitUpsideDown UIInterfaceOrientationLandscapeLeft UIInterfaceOrientationLandscapeRight";
				INFOPLIST_KEY_UISupportedInterfaceOrientations_iPhone = UIInterfaceOrientationPortrait;
				IPHONEOS_DEPLOYMENT_TARGET = 16.4;
				LD_RUNPATH_SEARCH_PATHS = (
					"$(inherited)",
					"@executable_path/Frameworks",
				);
				MARKETING_VERSION = 1.2;
				PRODUCT_BUNDLE_IDENTIFIER = myproject.EverydayTaskdaiseitanaka;
				PRODUCT_NAME = "$(TARGET_NAME)";
				PROVISIONING_PROFILE_SPECIFIER = "";
				SUPPORTED_PLATFORMS = "iphoneos iphonesimulator";
				SUPPORTS_MACCATALYST = NO;
				SUPPORTS_MAC_DESIGNED_FOR_IPHONE_IPAD = YES;
				SWIFT_EMIT_LOC_STRINGS = YES;
				SWIFT_VERSION = 5.0;
				TARGETED_DEVICE_FAMILY = 1;
			};
			name = Release;
		};
		35ADE3E72A3B4825004F3E67 /* Debug */ = {
			isa = XCBuildConfiguration;
			buildSettings = {
				ASSETCATALOG_COMPILER_GLOBAL_ACCENT_COLOR_NAME = AccentColor;
				ASSETCATALOG_COMPILER_WIDGET_BACKGROUND_COLOR_NAME = WidgetBackground;
				CODE_SIGN_ENTITLEMENTS = EverydayTaskWidgetExtension.entitlements;
				CODE_SIGN_STYLE = Automatic;
				CURRENT_PROJECT_VERSION = 1;
				DEVELOPMENT_TEAM = NZ6NQZK56A;
				GENERATE_INFOPLIST_FILE = YES;
				INFOPLIST_FILE = EverydayTaskWidget/Info.plist;
				INFOPLIST_KEY_CFBundleDisplayName = EverydayTaskWidget;
				INFOPLIST_KEY_NSHumanReadableCopyright = "";
				LD_RUNPATH_SEARCH_PATHS = (
					"$(inherited)",
					"@executable_path/Frameworks",
					"@executable_path/../../Frameworks",
				);
				MARKETING_VERSION = 1.0;
				PRODUCT_BUNDLE_IDENTIFIER = myproject.EverydayTaskdaiseitanaka.EverydayTaskWidget;
				PRODUCT_NAME = "$(TARGET_NAME)";
				SKIP_INSTALL = YES;
				SWIFT_EMIT_LOC_STRINGS = YES;
				SWIFT_VERSION = 5.0;
				TARGETED_DEVICE_FAMILY = "1,2";
			};
			name = Debug;
		};
		35ADE3E82A3B4825004F3E67 /* Release */ = {
			isa = XCBuildConfiguration;
			buildSettings = {
				ASSETCATALOG_COMPILER_GLOBAL_ACCENT_COLOR_NAME = AccentColor;
				ASSETCATALOG_COMPILER_WIDGET_BACKGROUND_COLOR_NAME = WidgetBackground;
				CODE_SIGN_ENTITLEMENTS = EverydayTaskWidgetExtension.entitlements;
				CODE_SIGN_STYLE = Automatic;
				CURRENT_PROJECT_VERSION = 1;
				DEVELOPMENT_TEAM = NZ6NQZK56A;
				GENERATE_INFOPLIST_FILE = YES;
				INFOPLIST_FILE = EverydayTaskWidget/Info.plist;
				INFOPLIST_KEY_CFBundleDisplayName = EverydayTaskWidget;
				INFOPLIST_KEY_NSHumanReadableCopyright = "";
				LD_RUNPATH_SEARCH_PATHS = (
					"$(inherited)",
					"@executable_path/Frameworks",
					"@executable_path/../../Frameworks",
				);
				MARKETING_VERSION = 1.0;
				PRODUCT_BUNDLE_IDENTIFIER = myproject.EverydayTaskdaiseitanaka.EverydayTaskWidget;
				PRODUCT_NAME = "$(TARGET_NAME)";
				SKIP_INSTALL = YES;
				SWIFT_EMIT_LOC_STRINGS = YES;
				SWIFT_VERSION = 5.0;
				TARGETED_DEVICE_FAMILY = "1,2";
			};
			name = Release;
		};
/* End XCBuildConfiguration section */

/* Begin XCConfigurationList section */
		355B97622A2D9F0900BD0772 /* Build configuration list for PBXProject "EverydayTask" */ = {
			isa = XCConfigurationList;
			buildConfigurations = (
				355B97732A2D9F0B00BD0772 /* Debug */,
				355B97742A2D9F0B00BD0772 /* Release */,
			);
			defaultConfigurationIsVisible = 0;
			defaultConfigurationName = Release;
		};
		355B97752A2D9F0B00BD0772 /* Build configuration list for PBXNativeTarget "EverydayTask" */ = {
			isa = XCConfigurationList;
			buildConfigurations = (
				355B97762A2D9F0B00BD0772 /* Debug */,
				355B97772A2D9F0B00BD0772 /* Release */,
			);
			defaultConfigurationIsVisible = 0;
			defaultConfigurationName = Release;
		};
		35ADE3E62A3B4825004F3E67 /* Build configuration list for PBXNativeTarget "EverydayTaskWidgetExtension" */ = {
			isa = XCConfigurationList;
			buildConfigurations = (
				35ADE3E72A3B4825004F3E67 /* Debug */,
				35ADE3E82A3B4825004F3E67 /* Release */,
			);
			defaultConfigurationIsVisible = 0;
			defaultConfigurationName = Release;
		};
/* End XCConfigurationList section */
	};
	rootObject = 355B975F2A2D9F0900BD0772 /* Project object */;
}
